
Microsoft Visual Studio Solution File, Format Version 12.00
Project("{FAE04EC0-301F-11D3-BF4B-00C04F79EFBC}") = "TravStickers", "TravStickers.csproj", "{5CEE0214-D2A0-46E1-B5F2-25911026EDD0}"
EndProject
Global
	GlobalSection(SolutionConfigurationPlatforms) = preSolution
		Debug|Any CPU = Debug|Any CPU
		ExportDebug|Any CPU = ExportDebug|Any CPU
		ExportRelease|Any CPU = ExportRelease|Any CPU
		Release|Any CPU = Release|Any CPU
	EndGlobalSection
	GlobalSection(ProjectConfigurationPlatforms) = postSolution
		{5CEE0214-D2A0-46E1-B5F2-25911026EDD0}.Debug|Any CPU.ActiveCfg = Debug|Any CPU
		{5CEE0214-D2A0-46E1-B5F2-25911026EDD0}.Debug|Any CPU.Build.0 = Debug|Any CPU
		{5CEE0214-D2A0-46E1-B5F2-25911026EDD0}.Release|Any CPU.ActiveCfg = Release|Any CPU
		{5CEE0214-D2A0-46E1-B5F2-25911026EDD0}.Release|Any CPU.Build.0 = Release|Any CPU
		{5CEE0214-D2A0-46E1-B5F2-25911026EDD0}.ExportDebug|Any CPU.ActiveCfg = ExportDebug|Any CPU
		{5CEE0214-D2A0-46E1-B5F2-25911026EDD0}.ExportDebug|Any CPU.Build.0 = ExportDebug|Any CPU
		{5CEE0214-D2A0-46E1-B5F2-25911026EDD0}.ExportRelease|Any CPU.ActiveCfg = ExportRelease|Any CPU
		{5CEE0214-D2A0-46E1-B5F2-25911026EDD0}.ExportRelease|Any CPU.Build.0 = ExportRelease|Any CPU
	EndGlobalSection
EndGlobal
